
Microsoft Visual Studio Solution File, Format Version 12.00
# Visual Studio Version 16
VisualStudioVersion = 16.0.30717.126
MinimumVisualStudioVersion = 10.0.40219.1
Project("{8BC9CEB8-8B4A-11D0-8D11-00A0C91BC942}") = "tmperature_revertByfunc", "tmperature_revertByfunc.vcxproj", "{2E6EC18A-CAC5-4BE4-B401-A813B14D327C}"
EndProject
Global
	GlobalSection(SolutionConfigurationPlatforms) = preSolution
		Debug|x64 = Debug|x64
		Debug|x86 = Debug|x86
		Release|x64 = Release|x64
		Release|x86 = Release|x86
	EndGlobalSection
	GlobalSection(ProjectConfigurationPlatforms) = postSolution
		{2E6EC18A-CAC5-4BE4-B401-A813B14D327C}.Debug|x64.ActiveCfg = Debug|x64
		{2E6EC18A-CAC5-4BE4-B401-A813B14D327C}.Debug|x64.Build.0 = Debug|x64
		{2E6EC18A-CAC5-4BE4-B401-A813B14D327C}.Debug|x86.ActiveCfg = Debug|Win32
		{2E6EC18A-CAC5-4BE4-B401-A813B14D327C}.Debug|x86.Build.0 = Debug|Win32
		{2E6EC18A-CAC5-4BE4-B401-A813B14D327C}.Release|x64.ActiveCfg = Release|x64
		{2E6EC18A-CAC5-4BE4-B401-A813B14D327C}.Release|x64.Build.0 = Release|x64
		{2E6EC18A-CAC5-4BE4-B401-A813B14D327C}.Release|x86.ActiveCfg = Release|Win32
		{2E6EC18A-CAC5-4BE4-B401-A813B14D327C}.Release|x86.Build.0 = Release|Win32
	EndGlobalSection
	GlobalSection(SolutionProperties) = preSolution
		HideSolutionNode = FALSE
	EndGlobalSection
	GlobalSection(ExtensibilityGlobals) = postSolution
		SolutionGuid = {E7C382B2-3E39-435F-9A9E-9621657C7E6A}
	EndGlobalSection
EndGlobal
